
Microsoft Visual Studio Solution File, Format Version 12.00
# Visual Studio 14
VisualStudioVersion = 14.0.25123.0
MinimumVisualStudioVersion = 10.0.40219.1
Project("{8BC9CEB8-8B4A-11D0-8D11-00A0C91BC942}") = "WinBrotli", "WinBrotli\WinBrotli.vcxproj", "{46A03F20-47DF-474F-AAE1-A6C85BCFB650}"
EndProject
Project("{FAE04EC0-301F-11D3-BF4B-00C04F79EFBC}") = "Brotli", "Brotli\Brotli.csproj", "{5158CE46-A23F-4F8E-BFE0-15BC6AD0DE95}"
EndProject
Global
	GlobalSection(SolutionConfigurationPlatforms) = preSolution
		Debug|x64 = Debug|x64
		Debug|x86 = Debug|x86
		Release|x64 = Release|x64
		Release|x86 = Release|x86
	EndGlobalSection
	GlobalSection(ProjectConfigurationPlatforms) = postSolution
		{46A03F20-47DF-474F-AAE1-A6C85BCFB650}.Debug|x64.ActiveCfg = Debug|x64
		{46A03F20-47DF-474F-AAE1-A6C85BCFB650}.Debug|x64.Build.0 = Debug|x64
		{46A03F20-47DF-474F-AAE1-A6C85BCFB650}.Debug|x86.ActiveCfg = Debug|Win32
		{46A03F20-47DF-474F-AAE1-A6C85BCFB650}.Debug|x86.Build.0 = Debug|Win32
		{46A03F20-47DF-474F-AAE1-A6C85BCFB650}.Release|x64.ActiveCfg = Release|x64
		{46A03F20-47DF-474F-AAE1-A6C85BCFB650}.Release|x64.Build.0 = Release|x64
		{46A03F20-47DF-474F-AAE1-A6C85BCFB650}.Release|x86.ActiveCfg = Release|Win32
		{46A03F20-47DF-474F-AAE1-A6C85BCFB650}.Release|x86.Build.0 = Release|Win32
		{5158CE46-A23F-4F8E-BFE0-15BC6AD0DE95}.Debug|x64.ActiveCfg = Debug|Any CPU
		{5158CE46-A23F-4F8E-BFE0-15BC6AD0DE95}.Debug|x64.Build.0 = Debug|Any CPU
		{5158CE46-A23F-4F8E-BFE0-15BC6AD0DE95}.Debug|x86.ActiveCfg = Debug|Any CPU
		{5158CE46-A23F-4F8E-BFE0-15BC6AD0DE95}.Debug|x86.Build.0 = Debug|Any CPU
		{5158CE46-A23F-4F8E-BFE0-15BC6AD0DE95}.Release|x64.ActiveCfg = Release|Any CPU
		{5158CE46-A23F-4F8E-BFE0-15BC6AD0DE95}.Release|x64.Build.0 = Release|Any CPU
		{5158CE46-A23F-4F8E-BFE0-15BC6AD0DE95}.Release|x86.ActiveCfg = Release|Any CPU
		{5158CE46-A23F-4F8E-BFE0-15BC6AD0DE95}.Release|x86.Build.0 = Release|Any CPU
	EndGlobalSection
	GlobalSection(SolutionProperties) = preSolution
		HideSolutionNode = FALSE
	EndGlobalSection
EndGlobal
